
Microsoft Visual Studio Solution File, Format Version 12.00
# Visual Studio Version 16
VisualStudioVersion = 16.0.28803.202
MinimumVisualStudioVersion = 10.0.40219.1
Project("{FAE04EC0-301F-11D3-BF4B-00C04F79EFBC}") = "BlueBadgeMVC", "BlueBadgeMVC\BlueBadgeMVC.csproj", "{3162E92E-6772-4186-8B12-406E73EC3B59}"
EndProject
Global
	GlobalSection(SolutionConfigurationPlatforms) = preSolution
		Debug|Any CPU = Debug|Any CPU
		Release|Any CPU = Release|Any CPU
	EndGlobalSection
	GlobalSection(ProjectConfigurationPlatforms) = postSolution
		{3162E92E-6772-4186-8B12-406E73EC3B59}.Debug|Any CPU.ActiveCfg = Debug|Any CPU
		{3162E92E-6772-4186-8B12-406E73EC3B59}.Debug|Any CPU.Build.0 = Debug|Any CPU
		{3162E92E-6772-4186-8B12-406E73EC3B59}.Release|Any CPU.ActiveCfg = Release|Any CPU
		{3162E92E-6772-4186-8B12-406E73EC3B59}.Release|Any CPU.Build.0 = Release|Any CPU
	EndGlobalSection
	GlobalSection(SolutionProperties) = preSolution
		HideSolutionNode = FALSE
	EndGlobalSection
	GlobalSection(ExtensibilityGlobals) = postSolution
		SolutionGuid = {B976CE10-7C43-418D-91A6-76CFEF9B1769}
	EndGlobalSection
EndGlobal
